
Microsoft Visual Studio Solution File, Format Version 12.00
# Visual Studio 15
VisualStudioVersion = 15.0.26403.7
MinimumVisualStudioVersion = 10.0.40219.1
Project("{FAE04EC0-301F-11D3-BF4B-00C04F79EFBC}") = "Sid.Dapper.Repository", "src\Sid.Dapper.Repository\Sid.Dapper.Repository.csproj", "{FA48D9CA-9D77-480E-BACA-3999FC284965}"
EndProject
Project("{2150E333-8FDC-42A3-9474-1A3956D46DE8}") = "src", "src", "{0EB9C1B1-A25A-4D80-AE4F-F0DFBF01F1CA}"
EndProject
Project("{2150E333-8FDC-42A3-9474-1A3956D46DE8}") = "test", "test", "{5C62AEC1-39BF-4487-B2BB-56A572776EE5}"
EndProject
Project("{FAE04EC0-301F-11D3-BF4B-00C04F79EFBC}") = "Sid.Dapper.Repository.Tests", "test\Sid.Dapper.Repository.Tests\Sid.Dapper.Repository.Tests.csproj", "{296EA7FE-D0BD-4D6C-A98D-9C82B0CE4F8F}"
EndProject
Global
	GlobalSection(SolutionConfigurationPlatforms) = preSolution
		Debug|Any CPU = Debug|Any CPU
		Release|Any CPU = Release|Any CPU
	EndGlobalSection
	GlobalSection(ProjectConfigurationPlatforms) = postSolution
		{FA48D9CA-9D77-480E-BACA-3999FC284965}.Debug|Any CPU.ActiveCfg = Debug|Any CPU
		{FA48D9CA-9D77-480E-BACA-3999FC284965}.Debug|Any CPU.Build.0 = Debug|Any CPU
		{FA48D9CA-9D77-480E-BACA-3999FC284965}.Release|Any CPU.ActiveCfg = Release|Any CPU
		{FA48D9CA-9D77-480E-BACA-3999FC284965}.Release|Any CPU.Build.0 = Release|Any CPU
		{296EA7FE-D0BD-4D6C-A98D-9C82B0CE4F8F}.Debug|Any CPU.ActiveCfg = Debug|Any CPU
		{296EA7FE-D0BD-4D6C-A98D-9C82B0CE4F8F}.Debug|Any CPU.Build.0 = Debug|Any CPU
		{296EA7FE-D0BD-4D6C-A98D-9C82B0CE4F8F}.Release|Any CPU.ActiveCfg = Release|Any CPU
		{296EA7FE-D0BD-4D6C-A98D-9C82B0CE4F8F}.Release|Any CPU.Build.0 = Release|Any CPU
	EndGlobalSection
	GlobalSection(SolutionProperties) = preSolution
		HideSolutionNode = FALSE
	EndGlobalSection
	GlobalSection(NestedProjects) = preSolution
		{FA48D9CA-9D77-480E-BACA-3999FC284965} = {0EB9C1B1-A25A-4D80-AE4F-F0DFBF01F1CA}
		{296EA7FE-D0BD-4D6C-A98D-9C82B0CE4F8F} = {5C62AEC1-39BF-4487-B2BB-56A572776EE5}
	EndGlobalSection
EndGlobal
